
Microsoft Visual Studio Solution File, Format Version 12.00
# Visual Studio Version 17
VisualStudioVersion = 17.7.34221.43
MinimumVisualStudioVersion = 10.0.40219.1
Project("{8BC9CEB8-8B4A-11D0-8D11-00A0C91BC942}") = "Project X", "Project X\Project X.vcxproj", "{B44D3D2C-8455-4736-A8CA-0FDA2B172113}"
EndProject
Global
	GlobalSection(SolutionConfigurationPlatforms) = preSolution
		Debug|x64 = Debug|x64
		Debug|x86 = Debug|x86
		Release|x64 = Release|x64
		Release|x86 = Release|x86
	EndGlobalSection
	GlobalSection(ProjectConfigurationPlatforms) = postSolution
		{B44D3D2C-8455-4736-A8CA-0FDA2B172113}.Debug|x64.ActiveCfg = Debug|x64
		{B44D3D2C-8455-4736-A8CA-0FDA2B172113}.Debug|x64.Build.0 = Debug|x64
		{B44D3D2C-8455-4736-A8CA-0FDA2B172113}.Debug|x86.ActiveCfg = Debug|Win32
		{B44D3D2C-8455-4736-A8CA-0FDA2B172113}.Debug|x86.Build.0 = Debug|Win32
		{B44D3D2C-8455-4736-A8CA-0FDA2B172113}.Release|x64.ActiveCfg = Release|x64
		{B44D3D2C-8455-4736-A8CA-0FDA2B172113}.Release|x64.Build.0 = Release|x64
		{B44D3D2C-8455-4736-A8CA-0FDA2B172113}.Release|x86.ActiveCfg = Release|Win32
		{B44D3D2C-8455-4736-A8CA-0FDA2B172113}.Release|x86.Build.0 = Release|Win32
	EndGlobalSection
	GlobalSection(SolutionProperties) = preSolution
		HideSolutionNode = FALSE
	EndGlobalSection
	GlobalSection(ExtensibilityGlobals) = postSolution
		SolutionGuid = {A7363E7A-3C0E-4229-9DF2-2C635C516DEE}
	EndGlobalSection
EndGlobal
